Microsoft Visual Studio Solution File, Format Version 12.00
# Visual Studio Version 17
VisualStudioVersion = 17.5.2.0
MinimumVisualStudioVersion = 10.0.40219.1
Project("{FAE04EC0-301F-11D3-BF4B-00C04F79EFBC}") = "JuKu_Poules", "JuKu_Poules.csproj", "{8EEA9B25-76E0-1AA7-5A4D-9CE720E4684E}"
EndProject
Global
	GlobalSection(SolutionConfigurationPlatforms) = preSolution
		Debug|Any CPU = Debug|Any CPU
		Release|Any CPU = Release|Any CPU
	EndGlobalSection
	GlobalSection(ProjectConfigurationPlatforms) = postSolution
		{8EEA9B25-76E0-1AA7-5A4D-9CE720E4684E}.Debug|Any CPU.ActiveCfg = Debug|Any CPU
		{8EEA9B25-76E0-1AA7-5A4D-9CE720E4684E}.Debug|Any CPU.Build.0 = Debug|Any CPU
		{8EEA9B25-76E0-1AA7-5A4D-9CE720E4684E}.Release|Any CPU.ActiveCfg = Release|Any CPU
		{8EEA9B25-76E0-1AA7-5A4D-9CE720E4684E}.Release|Any CPU.Build.0 = Release|Any CPU
	EndGlobalSection
	GlobalSection(SolutionProperties) = preSolution
		HideSolutionNode = FALSE
	EndGlobalSection
	GlobalSection(ExtensibilityGlobals) = postSolution
		SolutionGuid = {E96EE68E-37E1-43BD-B321-C125A806CD7B}
	EndGlobalSection
EndGlobal
